
Microsoft Visual Studio Solution File, Format Version 12.00
# Visual Studio 15
VisualStudioVersion = 15.0.26730.0
MinimumVisualStudioVersion = 10.0.40219.1
Project("{FAE04EC0-301F-11D3-BF4B-00C04F79EFBC}") = "Cryptothecia", "Cryptothecia\Cryptothecia.csproj", "{7E66BD5D-B514-44AA-852C-936B3CDCF60B}"
EndProject
Global
	GlobalSection(SolutionConfigurationPlatforms) = preSolution
		Debug|Any CPU = Debug|Any CPU
		Release|Any CPU = Release|Any CPU
	EndGlobalSection
	GlobalSection(ProjectConfigurationPlatforms) = postSolution
		{7E66BD5D-B514-44AA-852C-936B3CDCF60B}.Debug|Any CPU.ActiveCfg = Debug|Any CPU
		{7E66BD5D-B514-44AA-852C-936B3CDCF60B}.Debug|Any CPU.Build.0 = Debug|Any CPU
		{7E66BD5D-B514-44AA-852C-936B3CDCF60B}.Release|Any CPU.ActiveCfg = Release|Any CPU
		{7E66BD5D-B514-44AA-852C-936B3CDCF60B}.Release|Any CPU.Build.0 = Release|Any CPU
	EndGlobalSection
	GlobalSection(SolutionProperties) = preSolution
		HideSolutionNode = FALSE
	EndGlobalSection
	GlobalSection(ExtensibilityGlobals) = postSolution
		SolutionGuid = {0C7750FE-5AA3-4F2C-B578-9DD63AC1768D}
	EndGlobalSection
EndGlobal
